
Microsoft Visual Studio Solution File, Format Version 12.00
# Visual Studio 2013
VisualStudioVersion = 12.0.40629.0
MinimumVisualStudioVersion = 10.0.40219.1
Project("{FAE04EC0-301F-11D3-BF4B-00C04F79EFBC}") = "bladeDirector", "trunk\bladeDirector\bladeDirector.csproj", "{2F67CD72-58AA-423B-8D9A-4E438686B132}"
EndProject
Project("{FAE04EC0-301F-11D3-BF4B-00C04F79EFBC}") = "tests", "trunk\tests\tests.csproj", "{84741AEF-36FB-4A50-9098-9AA07D618EA4}"
EndProject
Project("{FAE04EC0-301F-11D3-BF4B-00C04F79EFBC}") = "createDisks", "trunk\createDisks\createDisks.csproj", "{40DADAE3-E73B-4B87-90A8-EC315D0AED76}"
EndProject
Project("{2150E333-8FDC-42A3-9474-1A3956D46DE8}") = "thirdparty", "thirdparty", "{6C6808C2-C6C4-4AE7-8309-12312E9D2B83}"
EndProject
Project("{FAE04EC0-301F-11D3-BF4B-00C04F79EFBC}") = "hypervisors", "thirdparty\hypervisors\trunk\hypervisors\hypervisors.csproj", "{47995DD9-9F78-4313-809D-55C515EAF89E}"
EndProject
Project("{2150E333-8FDC-42A3-9474-1A3956D46DE8}") = "Solution Items", "Solution Items", "{FC044D82-66F4-4B0B-800D-12484BFBC4B8}"
	ProjectSection(SolutionItems) = preProject
		TestSettings.testsettings = TestSettings.testsettings
	EndProjectSection
EndProject
Global
	GlobalSection(SolutionConfigurationPlatforms) = preSolution
		Debug|Any CPU = Debug|Any CPU
		Debug|x64 = Debug|x64
		Release|Any CPU = Release|Any CPU
		Release|x64 = Release|x64
	EndGlobalSection
	GlobalSection(ProjectConfigurationPlatforms) = postSolution
		{2F67CD72-58AA-423B-8D9A-4E438686B132}.Debug|Any CPU.ActiveCfg = Debug|Any CPU
		{2F67CD72-58AA-423B-8D9A-4E438686B132}.Debug|Any CPU.Build.0 = Debug|Any CPU
		{2F67CD72-58AA-423B-8D9A-4E438686B132}.Debug|x64.ActiveCfg = Debug|x64
		{2F67CD72-58AA-423B-8D9A-4E438686B132}.Debug|x64.Build.0 = Debug|x64
		{2F67CD72-58AA-423B-8D9A-4E438686B132}.Release|Any CPU.ActiveCfg = Release|Any CPU
		{2F67CD72-58AA-423B-8D9A-4E438686B132}.Release|Any CPU.Build.0 = Release|Any CPU
		{2F67CD72-58AA-423B-8D9A-4E438686B132}.Release|x64.ActiveCfg = Release|x64
		{2F67CD72-58AA-423B-8D9A-4E438686B132}.Release|x64.Build.0 = Release|x64
		{84741AEF-36FB-4A50-9098-9AA07D618EA4}.Debug|Any CPU.ActiveCfg = Debug|Any CPU
		{84741AEF-36FB-4A50-9098-9AA07D618EA4}.Debug|Any CPU.Build.0 = Debug|Any CPU
		{84741AEF-36FB-4A50-9098-9AA07D618EA4}.Debug|x64.ActiveCfg = Debug|x64
		{84741AEF-36FB-4A50-9098-9AA07D618EA4}.Debug|x64.Build.0 = Debug|x64
		{84741AEF-36FB-4A50-9098-9AA07D618EA4}.Release|Any CPU.ActiveCfg = Release|Any CPU
		{84741AEF-36FB-4A50-9098-9AA07D618EA4}.Release|Any CPU.Build.0 = Release|Any CPU
		{84741AEF-36FB-4A50-9098-9AA07D618EA4}.Release|x64.ActiveCfg = Release|x64
		{84741AEF-36FB-4A50-9098-9AA07D618EA4}.Release|x64.Build.0 = Release|x64
		{40DADAE3-E73B-4B87-90A8-EC315D0AED76}.Debug|Any CPU.ActiveCfg = Debug|Any CPU
		{40DADAE3-E73B-4B87-90A8-EC315D0AED76}.Debug|Any CPU.Build.0 = Debug|Any CPU
		{40DADAE3-E73B-4B87-90A8-EC315D0AED76}.Debug|x64.ActiveCfg = Debug|x64
		{40DADAE3-E73B-4B87-90A8-EC315D0AED76}.Debug|x64.Build.0 = Debug|x64
		{40DADAE3-E73B-4B87-90A8-EC315D0AED76}.Release|Any CPU.ActiveCfg = Release|Any CPU
		{40DADAE3-E73B-4B87-90A8-EC315D0AED76}.Release|Any CPU.Build.0 = Release|Any CPU
		{40DADAE3-E73B-4B87-90A8-EC315D0AED76}.Release|x64.ActiveCfg = Release|x64
		{40DADAE3-E73B-4B87-90A8-EC315D0AED76}.Release|x64.Build.0 = Release|x64
		{47995DD9-9F78-4313-809D-55C515EAF89E}.Debug|Any CPU.ActiveCfg = Debug|Any CPU
		{47995DD9-9F78-4313-809D-55C515EAF89E}.Debug|Any CPU.Build.0 = Debug|Any CPU
		{47995DD9-9F78-4313-809D-55C515EAF89E}.Debug|x64.ActiveCfg = Debug|Any CPU
		{47995DD9-9F78-4313-809D-55C515EAF89E}.Debug|x64.Build.0 = Debug|Any CPU
		{47995DD9-9F78-4313-809D-55C515EAF89E}.Release|Any CPU.ActiveCfg = Release|Any CPU
		{47995DD9-9F78-4313-809D-55C515EAF89E}.Release|Any CPU.Build.0 = Release|Any CPU
		{47995DD9-9F78-4313-809D-55C515EAF89E}.Release|x64.ActiveCfg = Release|Any CPU
	EndGlobalSection
	GlobalSection(SolutionProperties) = preSolution
		HideSolutionNode = FALSE
	EndGlobalSection
	GlobalSection(NestedProjects) = preSolution
		{47995DD9-9F78-4313-809D-55C515EAF89E} = {6C6808C2-C6C4-4AE7-8309-12312E9D2B83}
	EndGlobalSection
EndGlobal
