
Microsoft Visual Studio Solution File, Format Version 12.00
# Visual Studio 2013
VisualStudioVersion = 12.0.30723.0
MinimumVisualStudioVersion = 10.0.40219.1
Project("{FAE04EC0-301F-11D3-BF4B-00C04F79EFBC}") = "bladeDirector", "bladeDirector\bladeDirector.csproj", "{2F67CD72-58AA-423B-8D9A-4E438686B132}"
EndProject
Project("{FAE04EC0-301F-11D3-BF4B-00C04F79EFBC}") = "tests", "tests\tests.csproj", "{84741AEF-36FB-4A50-9098-9AA07D618EA4}"
EndProject
Global
	GlobalSection(SolutionConfigurationPlatforms) = preSolution
		Debug|Any CPU = Debug|Any CPU
		Release|Any CPU = Release|Any CPU
	EndGlobalSection
	GlobalSection(ProjectConfigurationPlatforms) = postSolution
		{2F67CD72-58AA-423B-8D9A-4E438686B132}.Debug|Any CPU.ActiveCfg = Debug|Any CPU
		{2F67CD72-58AA-423B-8D9A-4E438686B132}.Debug|Any CPU.Build.0 = Debug|Any CPU
		{2F67CD72-58AA-423B-8D9A-4E438686B132}.Release|Any CPU.ActiveCfg = Release|Any CPU
		{2F67CD72-58AA-423B-8D9A-4E438686B132}.Release|Any CPU.Build.0 = Release|Any CPU
		{84741AEF-36FB-4A50-9098-9AA07D618EA4}.Debug|Any CPU.ActiveCfg = Debug|Any CPU
		{84741AEF-36FB-4A50-9098-9AA07D618EA4}.Debug|Any CPU.Build.0 = Debug|Any CPU
		{84741AEF-36FB-4A50-9098-9AA07D618EA4}.Release|Any CPU.ActiveCfg = Release|Any CPU
		{84741AEF-36FB-4A50-9098-9AA07D618EA4}.Release|Any CPU.Build.0 = Release|Any CPU
	EndGlobalSection
	GlobalSection(SolutionProperties) = preSolution
		HideSolutionNode = FALSE
	EndGlobalSection
EndGlobal
