
Microsoft Visual Studio Solution File, Format Version 12.00
# Visual Studio 2013
VisualStudioVersion = 12.0.40629.0
MinimumVisualStudioVersion = 10.0.40219.1
Project("{FAE04EC0-301F-11D3-BF4B-00C04F79EFBC}") = "tests", "tests\tests.csproj", "{84741AEF-36FB-4A50-9098-9AA07D618EA4}"
EndProject
Project("{FAE04EC0-301F-11D3-BF4B-00C04F79EFBC}") = "createDisks", "createDisks\createDisks.csproj", "{40DADAE3-E73B-4B87-90A8-EC315D0AED76}"
EndProject
Project("{2150E333-8FDC-42A3-9474-1A3956D46DE8}") = "thirdparty", "thirdparty", "{6C6808C2-C6C4-4AE7-8309-12312E9D2B83}"
EndProject
Project("{FAE04EC0-301F-11D3-BF4B-00C04F79EFBC}") = "hypervisors", "..\thirdparty\hypervisors\trunk\hypervisors\hypervisors.csproj", "{47995DD9-9F78-4313-809D-55C515EAF89E}"
EndProject
Project("{2150E333-8FDC-42A3-9474-1A3956D46DE8}") = "Solution Items", "Solution Items", "{FC044D82-66F4-4B0B-800D-12484BFBC4B8}"
EndProject
Project("{FAE04EC0-301F-11D3-BF4B-00C04F79EFBC}") = "bladeDirectorClient", "bladeDirectorClient\bladeDirectorClient.csproj", "{4ABB1CC9-0C59-48F3-BE95-0FA21C420055}"
EndProject
Project("{FAE04EC0-301F-11D3-BF4B-00C04F79EFBC}") = "bladeDirectorWCF", "bladeDirectorWCF\bladeDirectorWCF.csproj", "{EEAEC90D-5AB7-4948-B37C-E0E3AD003F1E}"
EndProject
Project("{FAE04EC0-301F-11D3-BF4B-00C04F79EFBC}") = "bladeDirectorService", "bladeDirectorService\bladeDirectorService.csproj", "{87292BE2-050A-49EF-9E30-58FFAE8E7E6B}"
EndProject
Project("{FAE04EC0-301F-11D3-BF4B-00C04F79EFBC}") = "bladeDirector", "bladeDirector\bladeDirector.csproj", "{2F67CD72-58AA-423B-8D9A-4E438686B132}"
EndProject
Global
	GlobalSection(SolutionConfigurationPlatforms) = preSolution
		Debug|Any CPU = Debug|Any CPU
		Debug|AnyCPU = Debug|AnyCPU
		Debug|x64 = Debug|x64
		Debug|x86 = Debug|x86
		Release|Any CPU = Release|Any CPU
		Release|AnyCPU = Release|AnyCPU
		Release|x64 = Release|x64
		Release|x86 = Release|x86
	EndGlobalSection
	GlobalSection(ProjectConfigurationPlatforms) = postSolution
		{84741AEF-36FB-4A50-9098-9AA07D618EA4}.Debug|Any CPU.ActiveCfg = Debug|Any CPU
		{84741AEF-36FB-4A50-9098-9AA07D618EA4}.Debug|Any CPU.Build.0 = Debug|Any CPU
		{84741AEF-36FB-4A50-9098-9AA07D618EA4}.Debug|AnyCPU.ActiveCfg = Debug|Any CPU
		{84741AEF-36FB-4A50-9098-9AA07D618EA4}.Debug|AnyCPU.Build.0 = Debug|Any CPU
		{84741AEF-36FB-4A50-9098-9AA07D618EA4}.Debug|x64.ActiveCfg = Debug|x64
		{84741AEF-36FB-4A50-9098-9AA07D618EA4}.Debug|x64.Build.0 = Debug|x64
		{84741AEF-36FB-4A50-9098-9AA07D618EA4}.Debug|x86.ActiveCfg = Debug|x86
		{84741AEF-36FB-4A50-9098-9AA07D618EA4}.Debug|x86.Build.0 = Debug|x86
		{84741AEF-36FB-4A50-9098-9AA07D618EA4}.Release|Any CPU.ActiveCfg = Release|Any CPU
		{84741AEF-36FB-4A50-9098-9AA07D618EA4}.Release|Any CPU.Build.0 = Release|Any CPU
		{84741AEF-36FB-4A50-9098-9AA07D618EA4}.Release|AnyCPU.ActiveCfg = Release|x64
		{84741AEF-36FB-4A50-9098-9AA07D618EA4}.Release|AnyCPU.Build.0 = Release|x64
		{84741AEF-36FB-4A50-9098-9AA07D618EA4}.Release|x64.ActiveCfg = Release|x64
		{84741AEF-36FB-4A50-9098-9AA07D618EA4}.Release|x64.Build.0 = Release|x64
		{84741AEF-36FB-4A50-9098-9AA07D618EA4}.Release|x86.ActiveCfg = Release|x86
		{84741AEF-36FB-4A50-9098-9AA07D618EA4}.Release|x86.Build.0 = Release|x86
		{40DADAE3-E73B-4B87-90A8-EC315D0AED76}.Debug|Any CPU.ActiveCfg = Debug|Any CPU
		{40DADAE3-E73B-4B87-90A8-EC315D0AED76}.Debug|Any CPU.Build.0 = Debug|Any CPU
		{40DADAE3-E73B-4B87-90A8-EC315D0AED76}.Debug|AnyCPU.ActiveCfg = Debug|Any CPU
		{40DADAE3-E73B-4B87-90A8-EC315D0AED76}.Debug|AnyCPU.Build.0 = Debug|Any CPU
		{40DADAE3-E73B-4B87-90A8-EC315D0AED76}.Debug|x64.ActiveCfg = Debug|x64
		{40DADAE3-E73B-4B87-90A8-EC315D0AED76}.Debug|x64.Build.0 = Debug|x64
		{40DADAE3-E73B-4B87-90A8-EC315D0AED76}.Debug|x86.ActiveCfg = Debug|x86
		{40DADAE3-E73B-4B87-90A8-EC315D0AED76}.Debug|x86.Build.0 = Debug|x86
		{40DADAE3-E73B-4B87-90A8-EC315D0AED76}.Release|Any CPU.ActiveCfg = Release|Any CPU
		{40DADAE3-E73B-4B87-90A8-EC315D0AED76}.Release|Any CPU.Build.0 = Release|Any CPU
		{40DADAE3-E73B-4B87-90A8-EC315D0AED76}.Release|AnyCPU.ActiveCfg = Release|x64
		{40DADAE3-E73B-4B87-90A8-EC315D0AED76}.Release|AnyCPU.Build.0 = Release|x64
		{40DADAE3-E73B-4B87-90A8-EC315D0AED76}.Release|x64.ActiveCfg = Release|x64
		{40DADAE3-E73B-4B87-90A8-EC315D0AED76}.Release|x64.Build.0 = Release|x64
		{40DADAE3-E73B-4B87-90A8-EC315D0AED76}.Release|x86.ActiveCfg = Release|x86
		{40DADAE3-E73B-4B87-90A8-EC315D0AED76}.Release|x86.Build.0 = Release|x86
		{47995DD9-9F78-4313-809D-55C515EAF89E}.Debug|Any CPU.ActiveCfg = Debug|Any CPU
		{47995DD9-9F78-4313-809D-55C515EAF89E}.Debug|Any CPU.Build.0 = Debug|Any CPU
		{47995DD9-9F78-4313-809D-55C515EAF89E}.Debug|AnyCPU.ActiveCfg = Debug|Any CPU
		{47995DD9-9F78-4313-809D-55C515EAF89E}.Debug|AnyCPU.Build.0 = Debug|Any CPU
		{47995DD9-9F78-4313-809D-55C515EAF89E}.Debug|x64.ActiveCfg = Debug|x64
		{47995DD9-9F78-4313-809D-55C515EAF89E}.Debug|x64.Build.0 = Debug|x64
		{47995DD9-9F78-4313-809D-55C515EAF89E}.Debug|x86.ActiveCfg = Debug|x86
		{47995DD9-9F78-4313-809D-55C515EAF89E}.Debug|x86.Build.0 = Debug|x86
		{47995DD9-9F78-4313-809D-55C515EAF89E}.Release|Any CPU.ActiveCfg = Release|Any CPU
		{47995DD9-9F78-4313-809D-55C515EAF89E}.Release|Any CPU.Build.0 = Release|Any CPU
		{47995DD9-9F78-4313-809D-55C515EAF89E}.Release|AnyCPU.ActiveCfg = Release|Any CPU
		{47995DD9-9F78-4313-809D-55C515EAF89E}.Release|x64.ActiveCfg = Release|x64
		{47995DD9-9F78-4313-809D-55C515EAF89E}.Release|x64.Build.0 = Release|x64
		{47995DD9-9F78-4313-809D-55C515EAF89E}.Release|x86.ActiveCfg = Release|x86
		{47995DD9-9F78-4313-809D-55C515EAF89E}.Release|x86.Build.0 = Release|x86
		{4ABB1CC9-0C59-48F3-BE95-0FA21C420055}.Debug|Any CPU.ActiveCfg = Debug|Any CPU
		{4ABB1CC9-0C59-48F3-BE95-0FA21C420055}.Debug|Any CPU.Build.0 = Debug|Any CPU
		{4ABB1CC9-0C59-48F3-BE95-0FA21C420055}.Debug|AnyCPU.ActiveCfg = Debug|Any CPU
		{4ABB1CC9-0C59-48F3-BE95-0FA21C420055}.Debug|AnyCPU.Build.0 = Debug|Any CPU
		{4ABB1CC9-0C59-48F3-BE95-0FA21C420055}.Debug|x64.ActiveCfg = Debug|x64
		{4ABB1CC9-0C59-48F3-BE95-0FA21C420055}.Debug|x64.Build.0 = Debug|x64
		{4ABB1CC9-0C59-48F3-BE95-0FA21C420055}.Debug|x86.ActiveCfg = Debug|x86
		{4ABB1CC9-0C59-48F3-BE95-0FA21C420055}.Debug|x86.Build.0 = Debug|x86
		{4ABB1CC9-0C59-48F3-BE95-0FA21C420055}.Release|Any CPU.ActiveCfg = Release|Any CPU
		{4ABB1CC9-0C59-48F3-BE95-0FA21C420055}.Release|Any CPU.Build.0 = Release|Any CPU
		{4ABB1CC9-0C59-48F3-BE95-0FA21C420055}.Release|AnyCPU.ActiveCfg = Release|Any CPU
		{4ABB1CC9-0C59-48F3-BE95-0FA21C420055}.Release|x64.ActiveCfg = Release|x64
		{4ABB1CC9-0C59-48F3-BE95-0FA21C420055}.Release|x64.Build.0 = Release|x64
		{4ABB1CC9-0C59-48F3-BE95-0FA21C420055}.Release|x86.ActiveCfg = Release|x86
		{4ABB1CC9-0C59-48F3-BE95-0FA21C420055}.Release|x86.Build.0 = Release|x86
		{EEAEC90D-5AB7-4948-B37C-E0E3AD003F1E}.Debug|Any CPU.ActiveCfg = Debug|Any CPU
		{EEAEC90D-5AB7-4948-B37C-E0E3AD003F1E}.Debug|Any CPU.Build.0 = Debug|Any CPU
		{EEAEC90D-5AB7-4948-B37C-E0E3AD003F1E}.Debug|AnyCPU.ActiveCfg = Debug|Any CPU
		{EEAEC90D-5AB7-4948-B37C-E0E3AD003F1E}.Debug|AnyCPU.Build.0 = Debug|Any CPU
		{EEAEC90D-5AB7-4948-B37C-E0E3AD003F1E}.Debug|x64.ActiveCfg = Debug|x64
		{EEAEC90D-5AB7-4948-B37C-E0E3AD003F1E}.Debug|x64.Build.0 = Debug|x64
		{EEAEC90D-5AB7-4948-B37C-E0E3AD003F1E}.Debug|x86.ActiveCfg = Debug|x86
		{EEAEC90D-5AB7-4948-B37C-E0E3AD003F1E}.Debug|x86.Build.0 = Debug|x86
		{EEAEC90D-5AB7-4948-B37C-E0E3AD003F1E}.Release|Any CPU.ActiveCfg = Release|Any CPU
		{EEAEC90D-5AB7-4948-B37C-E0E3AD003F1E}.Release|Any CPU.Build.0 = Release|Any CPU
		{EEAEC90D-5AB7-4948-B37C-E0E3AD003F1E}.Release|AnyCPU.ActiveCfg = Release|Any CPU
		{EEAEC90D-5AB7-4948-B37C-E0E3AD003F1E}.Release|x64.ActiveCfg = Release|x64
		{EEAEC90D-5AB7-4948-B37C-E0E3AD003F1E}.Release|x64.Build.0 = Release|x64
		{EEAEC90D-5AB7-4948-B37C-E0E3AD003F1E}.Release|x86.ActiveCfg = Release|x86
		{EEAEC90D-5AB7-4948-B37C-E0E3AD003F1E}.Release|x86.Build.0 = Release|x86
		{87292BE2-050A-49EF-9E30-58FFAE8E7E6B}.Debug|Any CPU.ActiveCfg = Debug|Any CPU
		{87292BE2-050A-49EF-9E30-58FFAE8E7E6B}.Debug|Any CPU.Build.0 = Debug|Any CPU
		{87292BE2-050A-49EF-9E30-58FFAE8E7E6B}.Debug|AnyCPU.ActiveCfg = Debug|Any CPU
		{87292BE2-050A-49EF-9E30-58FFAE8E7E6B}.Debug|AnyCPU.Build.0 = Debug|Any CPU
		{87292BE2-050A-49EF-9E30-58FFAE8E7E6B}.Debug|x64.ActiveCfg = Debug|x64
		{87292BE2-050A-49EF-9E30-58FFAE8E7E6B}.Debug|x64.Build.0 = Debug|x64
		{87292BE2-050A-49EF-9E30-58FFAE8E7E6B}.Debug|x86.ActiveCfg = Debug|x86
		{87292BE2-050A-49EF-9E30-58FFAE8E7E6B}.Debug|x86.Build.0 = Debug|x86
		{87292BE2-050A-49EF-9E30-58FFAE8E7E6B}.Release|Any CPU.ActiveCfg = Release|Any CPU
		{87292BE2-050A-49EF-9E30-58FFAE8E7E6B}.Release|Any CPU.Build.0 = Release|Any CPU
		{87292BE2-050A-49EF-9E30-58FFAE8E7E6B}.Release|AnyCPU.ActiveCfg = Release|Any CPU
		{87292BE2-050A-49EF-9E30-58FFAE8E7E6B}.Release|x64.ActiveCfg = Release|x64
		{87292BE2-050A-49EF-9E30-58FFAE8E7E6B}.Release|x64.Build.0 = Release|x64
		{87292BE2-050A-49EF-9E30-58FFAE8E7E6B}.Release|x86.ActiveCfg = Release|Any CPU
		{2F67CD72-58AA-423B-8D9A-4E438686B132}.Debug|Any CPU.ActiveCfg = Debug|Any CPU
		{2F67CD72-58AA-423B-8D9A-4E438686B132}.Debug|Any CPU.Build.0 = Debug|Any CPU
		{2F67CD72-58AA-423B-8D9A-4E438686B132}.Debug|AnyCPU.ActiveCfg = Debug|Any CPU
		{2F67CD72-58AA-423B-8D9A-4E438686B132}.Debug|AnyCPU.Build.0 = Debug|Any CPU
		{2F67CD72-58AA-423B-8D9A-4E438686B132}.Debug|x64.ActiveCfg = Debug|x64
		{2F67CD72-58AA-423B-8D9A-4E438686B132}.Debug|x64.Build.0 = Debug|x64
		{2F67CD72-58AA-423B-8D9A-4E438686B132}.Debug|x86.ActiveCfg = Debug|Any CPU
		{2F67CD72-58AA-423B-8D9A-4E438686B132}.Release|Any CPU.ActiveCfg = Release|Any CPU
		{2F67CD72-58AA-423B-8D9A-4E438686B132}.Release|Any CPU.Build.0 = Release|Any CPU
		{2F67CD72-58AA-423B-8D9A-4E438686B132}.Release|AnyCPU.ActiveCfg = Release|Any CPU
		{2F67CD72-58AA-423B-8D9A-4E438686B132}.Release|AnyCPU.Build.0 = Release|Any CPU
		{2F67CD72-58AA-423B-8D9A-4E438686B132}.Release|x64.ActiveCfg = Release|x64
		{2F67CD72-58AA-423B-8D9A-4E438686B132}.Release|x64.Build.0 = Release|x64
		{2F67CD72-58AA-423B-8D9A-4E438686B132}.Release|x86.ActiveCfg = Release|Any CPU
	EndGlobalSection
	GlobalSection(SolutionProperties) = preSolution
		HideSolutionNode = FALSE
	EndGlobalSection
	GlobalSection(NestedProjects) = preSolution
		{47995DD9-9F78-4313-809D-55C515EAF89E} = {6C6808C2-C6C4-4AE7-8309-12312E9D2B83}
	EndGlobalSection
	GlobalSection(Performance) = preSolution
		HasPerformanceSessions = true
	EndGlobalSection
EndGlobal
